// !$*UTF8*$!
{
	archiveVersion = 1;
	classes = {
	};
	objectVersion = 46;
	objects = {

/* Begin PBXBuildFile section */
		C950C0B515C9CCE5000EAD93 /* UIKit.framework in Frameworks */ = {isa = PBXBuildFile; fileRef = C950C0B415C9CCE5000EAD93 /* UIKit.framework */; };
		C950C0B715C9CCE5000EAD93 /* Foundation.framework in Frameworks */ = {isa = PBXBuildFile; fileRef = C950C0B615C9CCE5000EAD93 /* Foundation.framework */; };
		C950C0B915C9CCE5000EAD93 /* CoreGraphics.framework in Frameworks */ = {isa = PBXBuildFile; fileRef = C950C0B815C9CCE5000EAD93 /* CoreGraphics.framework */; };
		C950C0BF15C9CCE5000EAD93 /* InfoPlist.strings in Resources */ = {isa = PBXBuildFile; fileRef = C950C0BD15C9CCE5000EAD93 /* InfoPlist.strings */; };
		C950C0C115C9CCE5000EAD93 /* main.m in Sources */ = {isa = PBXBuildFile; fileRef = C950C0C015C9CCE5000EAD93 /* main.m */; };
		C950C0C515C9CCE5000EAD93 /* AppDelegate.m in Sources */ = {isa = PBXBuildFile; fileRef = C950C0C415C9CCE5000EAD93 /* AppDelegate.m */; };
		C950C0D815C9CDC7000EAD93 /* JSONKit.m in Sources */ = {isa = PBXBuildFile; fileRef = C950C0D415C9CDC7000EAD93 /* JSONKit.m */; settings = {COMPILER_FLAGS = "-fno-objc-arc"; }; };
		C950C0DD15C9CDFE000EAD93 /* JSONUtility.m in Sources */ = {isa = PBXBuildFile; fileRef = C950C0DB15C9CDFE000EAD93 /* JSONUtility.m */; };
		C950C11515C9D14B000EAD93 /* ViewController.h in Sources */ = {isa = PBXBuildFile; fileRef = C950C11215C9D14B000EAD93 /* ViewController.h */; };
		C950C11615C9D14B000EAD93 /* ViewController.m in Sources */ = {isa = PBXBuildFile; fileRef = C950C11315C9D14B000EAD93 /* ViewController.m */; };
		C950C11715C9D14B000EAD93 /* ViewController.xib in Resources */ = {isa = PBXBuildFile; fileRef = C950C11415C9D14B000EAD93 /* ViewController.xib */; };
/* End PBXBuildFile section */

/* Begin PBXFileReference section */
		C933EA7022A5F11300A2A7BA /* LICENSE */ = {isa = PBXFileReference; lastKnownFileType = text; path = LICENSE; sourceTree = "<group>"; };
		C933EA7122A5F11300A2A7BA /* README.md */ = {isa = PBXFileReference; lastKnownFileType = net.daringfireball.markdown; path = README.md; sourceTree = "<group>"; };
		C950C0B015C9CCE5000EAD93 /* JSONUtilityExample.app */ = {isa = PBXFileReference; explicitFileType = wrapper.application; includeInIndex = 0; path = JSONUtilityExample.app; sourceTree = BUILT_PRODUCTS_DIR; };
		C950C0B415C9CCE5000EAD93 /* UIKit.framework */ = {isa = PBXFileReference; lastKnownFileType = wrapper.framework; name = UIKit.framework; path = System/Library/Frameworks/UIKit.framework; sourceTree = SDKROOT; };
		C950C0B615C9CCE5000EAD93 /* Foundation.framework */ = {isa = PBXFileReference; lastKnownFileType = wrapper.framework; name = Foundation.framework; path = System/Library/Frameworks/Foundation.framework; sourceTree = SDKROOT; };
		C950C0B815C9CCE5000EAD93 /* CoreGraphics.framework */ = {isa = PBXFileReference; lastKnownFileType = wrapper.framework; name = CoreGraphics.framework; path = System/Library/Frameworks/CoreGraphics.framework; sourceTree = SDKROOT; };
		C950C0BC15C9CCE5000EAD93 /* JSONUtilityExample-Info.plist */ = {isa = PBXFileReference; lastKnownFileType = text.plist.xml; path = "JSONUtilityExample-Info.plist"; sourceTree = "<group>"; };
		C950C0BE15C9CCE5000EAD93 /* en */ = {isa = PBXFileReference; lastKnownFileType = text.plist.strings; name = en; path = en.lproj/InfoPlist.strings; sourceTree = "<group>"; };
		C950C0C015C9CCE5000EAD93 /* main.m */ = {isa = PBXFileReference; lastKnownFileType = sourcecode.c.objc; path = main.m; sourceTree = "<group>"; };
		C950C0C215C9CCE5000EAD93 /* JSONUtilityExample-Prefix.pch */ = {isa = PBXFileReference; lastKnownFileType = sourcecode.c.h; path = "JSONUtilityExample-Prefix.pch"; sourceTree = "<group>"; };
		C950C0C315C9CCE5000EAD93 /* AppDelegate.h */ = {isa = PBXFileReference; lastKnownFileType = sourcecode.objj.h; path = AppDelegate.h; sourceTree = "<group>"; };
		C950C0C415C9CCE5000EAD93 /* AppDelegate.m */ = {isa = PBXFileReference; lastKnownFileType = sourcecode.c.objc; path = AppDelegate.m; sourceTree = "<group>"; };
		C950C0D315C9CDC7000EAD93 /* JSONKit.h */ = {isa = PBXFileReference; fileEncoding = 4; lastKnownFileType = sourcecode.objj.h; path = JSONKit.h; sourceTree = "<group>"; };
		C950C0D415C9CDC7000EAD93 /* JSONKit.m */ = {isa = PBXFileReference; fileEncoding = 4; lastKnownFileType = sourcecode.c.objc; path = JSONKit.m; sourceTree = "<group>"; };
		C950C0DA15C9CDFE000EAD93 /* JSONUtility.h */ = {isa = PBXFileReference; fileEncoding = 4; lastKnownFileType = sourcecode.objj.h; name = JSONUtility.h; path = JSONUtility/JSONUtility.h; sourceTree = SOURCE_ROOT; };
		C950C0DB15C9CDFE000EAD93 /* JSONUtility.m */ = {isa = PBXFileReference; fileEncoding = 4; lastKnownFileType = sourcecode.c.objc; name = JSONUtility.m; path = JSONUtility/JSONUtility.m; sourceTree = SOURCE_ROOT; };
		C950C11215C9D14B000EAD93 /* ViewController.h */ = {isa = PBXFileReference; fileEncoding = 4; lastKnownFileType = sourcecode.objj.h; path = ViewController.h; sourceTree = "<group>"; };
		C950C11315C9D14B000EAD93 /* ViewController.m */ = {isa = PBXFileReference; fileEncoding = 4; lastKnownFileType = sourcecode.c.objc; path = ViewController.m; sourceTree = "<group>"; };
		C950C11415C9D14B000EAD93 /* ViewController.xib */ = {isa = PBXFileReference; fileEncoding = 4; lastKnownFileType = file.xib; path = ViewController.xib; sourceTree = "<group>"; };
/* End PBXFileReference section */

/* Begin PBXFrameworksBuildPhase section */
		C950C0AD15C9CCE5000EAD93 /* Frameworks */ = {
			isa = PBXFrameworksBuildPhase;
			buildActionMask = 2147483647;
			files = (
				C950C0B515C9CCE5000EAD93 /* UIKit.framework in Frameworks */,
				C950C0B715C9CCE5000EAD93 /* Foundation.framework in Frameworks */,
				C950C0B915C9CCE5000EAD93 /* CoreGraphics.framework in Frameworks */,
			);
			runOnlyForDeploymentPostprocessing = 0;
		};
/* End PBXFrameworksBuildPhase section */

/* Begin PBXGroup section */
		C950C0A515C9CCE5000EAD93 = {
			isa = PBXGroup;
			children = (
				C933EA7022A5F11300A2A7BA /* LICENSE */,
				C933EA7122A5F11300A2A7BA /* README.md */,
				C950C0CB15C9CD07000EAD93 /* JSONUtility */,
				C950C0D015C9CDC7000EAD93 /* Submodules */,
				C950C0BA15C9CCE5000EAD93 /* JSONUtilityExample */,
				C950C0B315C9CCE5000EAD93 /* Frameworks */,
				C950C0B115C9CCE5000EAD93 /* Products */,
			);
			sourceTree = "<group>";
		};
		C950C0B115C9CCE5000EAD93 /* Products */ = {
			isa = PBXGroup;
			children = (
				C950C0B015C9CCE5000EAD93 /* JSONUtilityExample.app */,
			);
			name = Products;
			sourceTree = "<group>";
		};
		C950C0B315C9CCE5000EAD93 /* Frameworks */ = {
			isa = PBXGroup;
			children = (
				C950C0B415C9CCE5000EAD93 /* UIKit.framework */,
				C950C0B615C9CCE5000EAD93 /* Foundation.framework */,
				C950C0B815C9CCE5000EAD93 /* CoreGraphics.framework */,
			);
			name = Frameworks;
			sourceTree = "<group>";
		};
		C950C0BA15C9CCE5000EAD93 /* JSONUtilityExample */ = {
			isa = PBXGroup;
			children = (
				C950C0C315C9CCE5000EAD93 /* AppDelegate.h */,
				C950C0C415C9CCE5000EAD93 /* AppDelegate.m */,
				C950C11215C9D14B000EAD93 /* ViewController.h */,
				C950C11315C9D14B000EAD93 /* ViewController.m */,
				C950C11415C9D14B000EAD93 /* ViewController.xib */,
				C950C0BB15C9CCE5000EAD93 /* Supporting Files */,
			);
			path = JSONUtilityExample;
			sourceTree = "<group>";
		};
		C950C0BB15C9CCE5000EAD93 /* Supporting Files */ = {
			isa = PBXGroup;
			children = (
				C950C0BC15C9CCE5000EAD93 /* JSONUtilityExample-Info.plist */,
				C950C0BD15C9CCE5000EAD93 /* InfoPlist.strings */,
				C950C0C015C9CCE5000EAD93 /* main.m */,
				C950C0C215C9CCE5000EAD93 /* JSONUtilityExample-Prefix.pch */,
			);
			name = "Supporting Files";
			sourceTree = "<group>";
		};
		C950C0CB15C9CD07000EAD93 /* JSONUtility */ = {
			isa = PBXGroup;
			children = (
				C950C0DA15C9CDFE000EAD93 /* JSONUtility.h */,
				C950C0DB15C9CDFE000EAD93 /* JSONUtility.m */,
			);
			name = JSONUtility;
			path = JSONUtilityExample;
			sourceTree = "<group>";
		};
		C950C0D015C9CDC7000EAD93 /* Submodules */ = {
			isa = PBXGroup;
			children = (
				C950C0D115C9CDC7000EAD93 /* JSONKit */,
			);
			path = Submodules;
			sourceTree = "<group>";
		};
		C950C0D115C9CDC7000EAD93 /* JSONKit */ = {
			isa = PBXGroup;
			children = (
				C950C0D315C9CDC7000EAD93 /* JSONKit.h */,
				C950C0D415C9CDC7000EAD93 /* JSONKit.m */,
			);
			path = JSONKit;
			sourceTree = "<group>";
		};
/* End PBXGroup section */

/* Begin PBXNativeTarget section */
		C950C0AF15C9CCE5000EAD93 /* JSONUtilityExample */ = {
			isa = PBXNativeTarget;
			buildConfigurationList = C950C0C815C9CCE5000EAD93 /* Build configuration list for PBXNativeTarget "JSONUtilityExample" */;
			buildPhases = (
				C950C0AC15C9CCE5000EAD93 /* Sources */,
				C950C0AD15C9CCE5000EAD93 /* Frameworks */,
				C950C0AE15C9CCE5000EAD93 /* Resources */,
			);
			buildRules = (
			);
			dependencies = (
			);
			name = JSONUtilityExample;
			productName = JSONUtilityExample;
			productReference = C950C0B015C9CCE5000EAD93 /* JSONUtilityExample.app */;
			productType = "com.apple.product-type.application";
		};
/* End PBXNativeTarget section */

/* Begin PBXProject section */
		C950C0A715C9CCE5000EAD93 /* Project object */ = {
			isa = PBXProject;
			attributes = {
				LastUpgradeCheck = 0440;
				ORGANIZATIONNAME = brackendev;
			};
			buildConfigurationList = C950C0AA15C9CCE5000EAD93 /* Build configuration list for PBXProject "JSONUtilityExample" */;
			compatibilityVersion = "Xcode 3.2";
			developmentRegion = English;
			hasScannedForEncodings = 0;
			knownRegions = (
				English,
				en,
			);
			mainGroup = C950C0A515C9CCE5000EAD93;
			productRefGroup = C950C0B115C9CCE5000EAD93 /* Products */;
			projectDirPath = "";
			projectRoot = "";
			targets = (
				C950C0AF15C9CCE5000EAD93 /* JSONUtilityExample */,
			);
		};
/* End PBXProject section */

/* Begin PBXResourcesBuildPhase section */
		C950C0AE15C9CCE5000EAD93 /* Resources */ = {
			isa = PBXResourcesBuildPhase;
			buildActionMask = 2147483647;
			files = (
				C950C0BF15C9CCE5000EAD93 /* InfoPlist.strings in Resources */,
				C950C11715C9D14B000EAD93 /* ViewController.xib in Resources */,
			);
			runOnlyForDeploymentPostprocessing = 0;
		};
/* End PBXResourcesBuildPhase section */

/* Begin PBXSourcesBuildPhase section */
		C950C0AC15C9CCE5000EAD93 /* Sources */ = {
			isa = PBXSourcesBuildPhase;
			buildActionMask = 2147483647;
			files = (
				C950C0C115C9CCE5000EAD93 /* main.m in Sources */,
				C950C0C515C9CCE5000EAD93 /* AppDelegate.m in Sources */,
				C950C0D815C9CDC7000EAD93 /* JSONKit.m in Sources */,
				C950C0DD15C9CDFE000EAD93 /* JSONUtility.m in Sources */,
				C950C11515C9D14B000EAD93 /* ViewController.h in Sources */,
				C950C11615C9D14B000EAD93 /* ViewController.m in Sources */,
			);
			runOnlyForDeploymentPostprocessing = 0;
		};
/* End PBXSourcesBuildPhase section */

/* Begin PBXVariantGroup section */
		C950C0BD15C9CCE5000EAD93 /* InfoPlist.strings */ = {
			isa = PBXVariantGroup;
			children = (
				C950C0BE15C9CCE5000EAD93 /* en */,
			);
			name = InfoPlist.strings;
			sourceTree = "<group>";
		};
/* End PBXVariantGroup section */

/* Begin XCBuildConfiguration section */
		C950C0C615C9CCE5000EAD93 /* Debug */ = {
			isa = XCBuildConfiguration;
			buildSettings = {
				ALWAYS_SEARCH_USER_PATHS = NO;
				ARCHS = "$(ARCHS_STANDARD_32_BIT)";
				CLANG_CXX_LANGUAGE_STANDARD = "gnu++0x";
				CLANG_ENABLE_OBJC_ARC = YES;
				CLANG_WARN__DUPLICATE_METHOD_MATCH = YES;
				"CODE_SIGN_IDENTITY[sdk=iphoneos*]" = "iPhone Developer";
				COPY_PHASE_STRIP = NO;
				GCC_C_LANGUAGE_STANDARD = gnu99;
				GCC_DYNAMIC_NO_PIC = NO;
				GCC_OPTIMIZATION_LEVEL = 0;
				GCC_PREPROCESSOR_DEFINITIONS = (
					"DEBUG=1",
					"$(inherited)",
				);
				GCC_SYMBOLS_PRIVATE_EXTERN = NO;
				GCC_VERSION = com.apple.compilers.llvm.clang.1_0;
				GCC_WARN_ABOUT_RETURN_TYPE = YES;
				GCC_WARN_UNINITIALIZED_AUTOS = YES;
				GCC_WARN_UNUSED_VARIABLE = YES;
				IPHONEOS_DEPLOYMENT_TARGET = 4.3;
				SDKROOT = iphoneos;
			};
			name = Debug;
		};
		C950C0C715C9CCE5000EAD93 /* Release */ = {
			isa = XCBuildConfiguration;
			buildSettings = {
				ALWAYS_SEARCH_USER_PATHS = NO;
				ARCHS = "$(ARCHS_STANDARD_32_BIT)";
				CLANG_CXX_LANGUAGE_STANDARD = "gnu++0x";
				CLANG_ENABLE_OBJC_ARC = YES;
				CLANG_WARN__DUPLICATE_METHOD_MATCH = YES;
				"CODE_SIGN_IDENTITY[sdk=iphoneos*]" = "iPhone Developer";
				COPY_PHASE_STRIP = YES;
				GCC_C_LANGUAGE_STANDARD = gnu99;
				GCC_VERSION = com.apple.compilers.llvm.clang.1_0;
				GCC_WARN_ABOUT_RETURN_TYPE = YES;
				GCC_WARN_UNINITIALIZED_AUTOS = YES;
				GCC_WARN_UNUSED_VARIABLE = YES;
				IPHONEOS_DEPLOYMENT_TARGET = 4.3;
				OTHER_CFLAGS = "-DNS_BLOCK_ASSERTIONS=1";
				SDKROOT = iphoneos;
				VALIDATE_PRODUCT = YES;
			};
			name = Release;
		};
		C950C0C915C9CCE5000EAD93 /* Debug */ = {
			isa = XCBuildConfiguration;
			buildSettings = {
				GCC_PRECOMPILE_PREFIX_HEADER = YES;
				GCC_PREFIX_HEADER = "JSONUtilityExample/JSONUtilityExample-Prefix.pch";
				INFOPLIST_FILE = "JSONUtilityExample/JSONUtilityExample-Info.plist";
				IPHONEOS_DEPLOYMENT_TARGET = 4.3;
				PRODUCT_NAME = "$(TARGET_NAME)";
				WRAPPER_EXTENSION = app;
			};
			name = Debug;
		};
		C950C0CA15C9CCE5000EAD93 /* Release */ = {
			isa = XCBuildConfiguration;
			buildSettings = {
				GCC_PRECOMPILE_PREFIX_HEADER = YES;
				GCC_PREFIX_HEADER = "JSONUtilityExample/JSONUtilityExample-Prefix.pch";
				INFOPLIST_FILE = "JSONUtilityExample/JSONUtilityExample-Info.plist";
				IPHONEOS_DEPLOYMENT_TARGET = 4.3;
				PRODUCT_NAME = "$(TARGET_NAME)";
				WRAPPER_EXTENSION = app;
			};
			name = Release;
		};
/* End XCBuildConfiguration section */

/* Begin XCConfigurationList section */
		C950C0AA15C9CCE5000EAD93 /* Build configuration list for PBXProject "JSONUtilityExample" */ = {
			isa = XCConfigurationList;
			buildConfigurations = (
				C950C0C615C9CCE5000EAD93 /* Debug */,
				C950C0C715C9CCE5000EAD93 /* Release */,
			);
			defaultConfigurationIsVisible = 0;
			defaultConfigurationName = Release;
		};
		C950C0C815C9CCE5000EAD93 /* Build configuration list for PBXNativeTarget "JSONUtilityExample" */ = {
			isa = XCConfigurationList;
			buildConfigurations = (
				C950C0C915C9CCE5000EAD93 /* Debug */,
				C950C0CA15C9CCE5000EAD93 /* Release */,
			);
			defaultConfigurationIsVisible = 0;
			defaultConfigurationName = Release;
		};
/* End XCConfigurationList section */
	};
	rootObject = C950C0A715C9CCE5000EAD93 /* Project object */;
}
